PODS:
  - default_country_code (0.0.1):
    - Flutter
  - Flutter (1.0.0)

DEPENDENCIES:
  - default_country_code (from `.symlinks/plugins/default_country_code/ios`)
  - Flutter (from `Flutter`)

EXTERNAL SOURCES:
  default_country_code:
    :path: ".symlinks/plugins/default_country_code/ios"
  Flutter:
    :path: Flutter

SPEC CHECKSUMS:
  default_country_code: 3ac262b198eb87e25a82a0274ff797d38efa8782
  Flutter: 50d75fe2f02b26cc09d224853bb45737f8b3214a

PODFILE CHECKSUM: 2cb11b125365acdfa20c4d4cf45cc3549388e13f

COCOAPODS: 1.11.2
